
Microsoft Visual Studio Solution File, Format Version 12.00
# Visual Studio 14
VisualStudioVersion = 14.0.25420.1
MinimumVisualStudioVersion = 10.0.40219.1
Project("{FAE04EC0-301F-11D3-BF4B-00C04F79EFBC}") = "Tracer.App", "Tracer.App\Tracer.App.csproj", "{3E467C97-837A-4951-8BB1-8987F6BBE907}"
EndProject
Project("{FAE04EC0-301F-11D3-BF4B-00C04F79EFBC}") = "Tracer.Core", "Tracer.Core\Tracer.Core.csproj", "{8C7950AD-99CF-4542-AED5-57546C8B4F04}"
EndProject
Project("{FAE04EC0-301F-11D3-BF4B-00C04F79EFBC}") = "Tracer.Test", "Tracer.Test\Tracer.Test.csproj", "{A2979A28-C341-4463-AB81-B15F1EF83F3A}"
EndProject
Global
	GlobalSection(SolutionConfigurationPlatforms) = preSolution
		Debug|Any CPU = Debug|Any CPU
		Release|Any CPU = Release|Any CPU
	EndGlobalSection
	GlobalSection(ProjectConfigurationPlatforms) = postSolution
		{3E467C97-837A-4951-8BB1-8987F6BBE907}.Debug|Any CPU.ActiveCfg = Debug|Any CPU
		{3E467C97-837A-4951-8BB1-8987F6BBE907}.Debug|Any CPU.Build.0 = Debug|Any CPU
		{3E467C97-837A-4951-8BB1-8987F6BBE907}.Release|Any CPU.ActiveCfg = Release|Any CPU
		{3E467C97-837A-4951-8BB1-8987F6BBE907}.Release|Any CPU.Build.0 = Release|Any CPU
		{8C7950AD-99CF-4542-AED5-57546C8B4F04}.Debug|Any CPU.ActiveCfg = Debug|Any CPU
		{8C7950AD-99CF-4542-AED5-57546C8B4F04}.Debug|Any CPU.Build.0 = Debug|Any CPU
		{8C7950AD-99CF-4542-AED5-57546C8B4F04}.Release|Any CPU.ActiveCfg = Release|Any CPU
		{8C7950AD-99CF-4542-AED5-57546C8B4F04}.Release|Any CPU.Build.0 = Release|Any CPU
		{A2979A28-C341-4463-AB81-B15F1EF83F3A}.Debug|Any CPU.ActiveCfg = Debug|Any CPU
		{A2979A28-C341-4463-AB81-B15F1EF83F3A}.Debug|Any CPU.Build.0 = Debug|Any CPU
		{A2979A28-C341-4463-AB81-B15F1EF83F3A}.Release|Any CPU.ActiveCfg = Release|Any CPU
		{A2979A28-C341-4463-AB81-B15F1EF83F3A}.Release|Any CPU.Build.0 = Release|Any CPU
	EndGlobalSection
	GlobalSection(SolutionProperties) = preSolution
		HideSolutionNode = FALSE
	EndGlobalSection
EndGlobal
